{
  "files": {
    "README.md": {
      "bytes": 1201,
      "sha256": "2c07f50e45cff4880e0f249ef7501867676982a7e9c9b392083347e02dd2017e"
    },
    "RELEASE.json": {
      "bytes": 1460,
      "sha256": "55f2b8fa9c908d78f934845fdf1e9ad1a82559f012a4ae48564c2838c010acd9"
    },
    "canary/fixtures.json": {
      "bytes": 5297,
      "sha256": "c950d453faf177d4eea5a8a5bf3be009a96c773ba12c31d4cd0755df6d081ac0"
    },
    "canary/fixtures.npz": {
      "bytes": 4877706,
      "sha256": "e06008bd26a14eec834cc2c4623c5fe0b3dc6752c4ab75d3264a7c1e5926a109"
    },
    "config/coordinator.yaml": {
      "bytes": 1003,
      "sha256": "7c8d2f67b55ebdc6139222f8718738d0fdc1c70fb5ce7bacb34b796bcf49724f"
    },
    "evidence/h014-027w-failclosed-batch-validation.json": {
      "bytes": 19995,
      "sha256": "4992a0da4d3d0f525b4c442a8f4d3884dc5e5849ffad1c02a1fa083b7a562303"
    },
    "evidence/h014-027w-final-operation-matrix.json": {
      "bytes": 23838,
      "sha256": "62fd2247d31a8bc1a5a21436f5ed8b0f208b599ccf8736b9fcada2f13dea1c65"
    },
    "evidence/h014-027w-final-sm86-certification.json": {
      "bytes": 19621,
      "sha256": "aaf444d45a9c0394cc3f40ad997733d15d4722509ce8d52fd0ccb8c94f81331c"
    },
    "evidence/h014-027w-regression-full-93-layer.json": {
      "bytes": 2323150,
      "sha256": "0c0a655a0f577d17b0bf68b81fff676cb42f225425b7800c839a86469cc74199"
    },
    "evidence/h014-032d-network-analysis.json": {
      "bytes": 4540,
      "sha256": "d0463d4cff7327afc7dc7d15fe37b6f1ec0cb19d0fe03e24aa1fe98f42f4b92e"
    },
    "evidence/h014-036a-capacity-topology-economics.json": {
      "bytes": 26236,
      "sha256": "fe1f0e0af7dc8769b8e4a308a23d43e1b74cad7f2e045f95b16efe097d0e884e"
    },
    "evidence/h014-037b-admission-cost-guard.json": {
      "bytes": 7264,
      "sha256": "5c8192fc210e9a15651dc677a5dbe8cef92f46e127eee6c4dd9105623a8c779a"
    },
    "evidence/h014-037b-coarse-stage-recovery.json": {
      "bytes": 4334,
      "sha256": "bbfac4cdc23f9e4d847b1d7fb121e2dd35e9bb682bbf81e6b13615e32a354e3b"
    },
    "evidence/h014-037b-final-logical-rehearsal.json": {
      "bytes": 263228,
      "sha256": "4c5ec5de258fa094cbe947396d1e697568aac4053035db0423a064e5eb5e7a74"
    },
    "evidence/h014-037b1-deployment-identity-fixture.json": {
      "bytes": 4193,
      "sha256": "23f130f5ac5d2583a8ac902a34ed95a67af2504d6f246be9bd02c1c02da2d7be"
    },
    "evidence/h014-037b2a-tokenizer-product-seam.json": {
      "bytes": 6669,
      "sha256": "85dec874d487117eb344155306a2a11c052684aa6adee5ce18fffc286ab18e02"
    },
    "evidence/h014-037b3-cross-platform-runtime-identity.json": {
      "bytes": 6755,
      "sha256": "4d11dc228a62781ca85fedf534df4930ba6fbbad58cd43155fb87b24596dc128"
    },
    "evidence/h014-037b4b-portable-acquisition-fixture.json": {
      "bytes": 5938,
      "sha256": "f002f2956b5d18931c02a4c29656c0151809001c03c5109fa596171a0ea6c699"
    },
    "evidence/h014-sub-005-scaling-network.json": {
      "bytes": 33800,
      "sha256": "dbb6cb5e71c563d523012f894f8732c524ec7cdc185ddba6a5781f0865004b96"
    },
    "evidence/h014-sub-009b-recovery.json": {
      "bytes": 113210,
      "sha256": "39705bb1c59d4a14354c90ef59b161dfcd8a6f1b2bf42b87526669f631ef89f5"
    },
    "locks/linux-cu130-requirements.txt": {
      "bytes": 82177,
      "sha256": "a4559c2f4e481280732a8d62d6ada0aac42d4d8beccf30efe9e93291fb61c461"
    },
    "locks/uv.lock": {
      "bytes": 476661,
      "sha256": "55429e291382ce50b422eaef2033551a482f076890682beffe25ca57e25d3709"
    },
    "manifests/k3-3090-placement-manifest.json": {
      "bytes": 261391167,
      "sha256": "82c0f28046db559c490bdc36104100503608ec61d76052b6eef4d5cf532c85e0"
    },
    "manifests/k3-execution-plan.json": {
      "bytes": 2466612,
      "sha256": "ab662854b9306b8f8b31d2828f9868f4f044222a67729d3dbf0c1b11f0ceb5b9"
    },
    "manifests/k3-weight-distribution-manifest.json": {
      "bytes": 209558,
      "sha256": "6bb6ca101bf0e9717bdeb2633d1c60845e38085757d0f3d79f6c674d8a099a6c"
    },
    "model-metadata/config.json": {
      "bytes": 7006,
      "sha256": "9710e121a58d03ac92c8d6da287a19541994319afbbe6d6202af001ffd379213"
    },
    "model-metadata/encoding_k3.py": {
      "bytes": 22827,
      "sha256": "b9cb7ae100fed34b9337f80dacee5abbf7e261fe9b74bc0e76366701d46f5333"
    },
    "model-metadata/metadata-lock.json": {
      "bytes": 682,
      "sha256": "218051c2dc9097e798cb40cd3f5b69757899c07c7e8068c8b76cf3dda0eb60bf"
    },
    "model-metadata/tiktoken.model": {
      "bytes": 2795286,
      "sha256": "b6c497a7469b33ced9c38afb1ad6e47f03f5e5dc05f15930799210ec050c5103"
    },
    "model-metadata/tokenization_kimi.py": {
      "bytes": 16145,
      "sha256": "f28ea66e2d862a2a5814970b2ce40c2f7d8296ff09aed90a7e7def689b906944"
    },
    "model-metadata/tokenizer_config.json": {
      "bytes": 3478,
      "sha256": "5d0803c94db9cd78763499e0956c95fd5a225c14a727e5a6cf5db3f96f010a6e"
    },
    "native/native-source-manifest.json": {
      "bytes": 1393,
      "sha256": "fe4aa93071ea2db342bd213a533d7beb1ef684e4292a94a5ff4e6301eda4ac95"
    },
    "native/src/backend_cuda.cu": {
      "bytes": 175806,
      "sha256": "8dd70504db0fe7bc43b4d9769c6472281578cbc49f5e61970bed94868404c6a8"
    },
    "native/src/backend_cuda.h": {
      "bytes": 17653,
      "sha256": "b2a5b735d2fee2b4934f19c42618ed0d064000076667df7d107d793e44b92ca7"
    },
    "native/src/backend_gpu_compat.h": {
      "bytes": 5045,
      "sha256": "bc1cd457b42800fd6754a7f59b9269e5a956d164c9ce0f34f8cbcf2319f3d455"
    },
    "policies/cost-guard.json": {
      "bytes": 205,
      "sha256": "7feaf9599a5f50ab01676ffe6848fcddbb7baa282feb7b9a12ae612db9277b8c"
    },
    "policies/network-classes.json": {
      "bytes": 560,
      "sha256": "af34dbaca44cbc5da96502fa8d96603622a01a8b7d77ce9aac7f1cb08dd9d80c"
    },
    "requirements/pre-canary/k3-worker-000.json": {
      "bytes": 1173,
      "sha256": "5a537cbec7ea475285702a25c75013420d94b0d5324fdce226278cdec9dcae8a"
    },
    "requirements/pre-canary/k3-worker-001.json": {
      "bytes": 1171,
      "sha256": "0bd343e684033b838007bc7d2fdad83cb539441336a8492e9bf47cefccab6dd0"
    },
    "requirements/pre-canary/k3-worker-002.json": {
      "bytes": 1171,
      "sha256": "8e2366bc6172f09542190945edcf2488e4053d94db8b4b2a05e10b9882094b49"
    },
    "requirements/pre-canary/k3-worker-003.json": {
      "bytes": 1171,
      "sha256": "ff3457987f39318f225a460b8e9c92a641e6585b57808161f38312ca7ec69cfe"
    },
    "requirements/pre-canary/k3-worker-004.json": {
      "bytes": 1171,
      "sha256": "ec5009b56791f43d0f0b6ec4d69183b5246bf4c44c5d650a8609d7e7dd52b345"
    },
    "requirements/pre-canary/k3-worker-005.json": {
      "bytes": 1171,
      "sha256": "40427b2b0bb410a5b843b13de7df63308151184fb41575009f97b5f7cc309ff5"
    },
    "requirements/pre-canary/k3-worker-006.json": {
      "bytes": 1171,
      "sha256": "12a5d3d88a1bc7718e7858ca53de78847d278b3a4a531d7bfc18ddaec7ea6bb1"
    },
    "requirements/pre-canary/k3-worker-007.json": {
      "bytes": 1171,
      "sha256": "67604da13dca21980ac2e5acd49b0132b6531fce9e2d91641848bb4636c1dd67"
    },
    "requirements/pre-canary/k3-worker-008.json": {
      "bytes": 1171,
      "sha256": "4f1acee65925d1ac1aa84ed524dba12055932728c0cc1cfebbae71b08d3d10df"
    },
    "requirements/pre-canary/k3-worker-009.json": {
      "bytes": 1171,
      "sha256": "f90c6750854e787f0949fbd1745a0dc60ea8a951b05c08a12872dfffff318989"
    },
    "requirements/pre-canary/k3-worker-010.json": {
      "bytes": 1172,
      "sha256": "78e81dc6ebdceda81e6ce956f870b860fa44e19259a72080d8d652c4b0043708"
    },
    "requirements/pre-canary/k3-worker-011.json": {
      "bytes": 1172,
      "sha256": "d3af80904c459df33e6277dd7787327aeaf20612605a89154094786ccd371ee5"
    },
    "requirements/pre-canary/k3-worker-012.json": {
      "bytes": 1172,
      "sha256": "8c2e04a3f4088e95acd6c726bac020998f1511fa5e84d18ca73b570d0d5cfcb8"
    },
    "requirements/pre-canary/k3-worker-013.json": {
      "bytes": 1172,
      "sha256": "e60a13e23776e154d5d583b29a4ef2b3d22fb2ba0ebd001549ec1957e092ca04"
    },
    "requirements/pre-canary/k3-worker-014.json": {
      "bytes": 1172,
      "sha256": "56121f7f82e8b626fac28a6f0def9e4f2bdcbcdf1c85e65b05a605f04c424802"
    },
    "requirements/pre-canary/k3-worker-015.json": {
      "bytes": 1172,
      "sha256": "39c3ba579f365ac0af0789e935b28f7633fe02d7316cdbfeef0962b3673e8f95"
    },
    "requirements/pre-canary/k3-worker-016.json": {
      "bytes": 1172,
      "sha256": "39b66a775fe09fd4f33dbac2037c9e1aa2a1f344102f444e20074a48b2ae30b6"
    },
    "requirements/pre-canary/k3-worker-017.json": {
      "bytes": 1172,
      "sha256": "0f0922f00734e3721970017c3fe0e9485450f0d8b38c14be8f915a05c7f90258"
    },
    "requirements/pre-canary/k3-worker-018.json": {
      "bytes": 1172,
      "sha256": "be8a8b011e15e7f907afb59746cd678ed5ee1a7be28f48b2b70ec291b4c914a5"
    },
    "requirements/pre-canary/k3-worker-019.json": {
      "bytes": 1172,
      "sha256": "acf7211389450541dceb226840a89a2c1ee98cd2c1a5ebbb2b947beeea19168c"
    },
    "requirements/pre-canary/k3-worker-020.json": {
      "bytes": 1172,
      "sha256": "491856752c8892294e9e7a0f4b0aeb3a17ff2e981930a0af73272fef43e11109"
    },
    "requirements/pre-canary/k3-worker-021.json": {
      "bytes": 1172,
      "sha256": "a4dab7c6b346dd69fce4b80a377954c4f4cd55cc2e3988551aeb6fcf0d1471e2"
    },
    "requirements/pre-canary/k3-worker-022.json": {
      "bytes": 1172,
      "sha256": "ca13362c9e5950a97d7ad076ac5f5aad27f6b23ac60a4af91ee5de8662be7b38"
    },
    "requirements/pre-canary/k3-worker-023.json": {
      "bytes": 1172,
      "sha256": "79185cb4af63e3de051dff1ede4ba08118ad0faf307220988904575f7d395080"
    },
    "requirements/pre-canary/k3-worker-024.json": {
      "bytes": 1172,
      "sha256": "92b7ac48c5db14ea6697479d560bb484df14af7fc5a9706ca34fd66941028f5b"
    },
    "requirements/pre-canary/k3-worker-025.json": {
      "bytes": 1172,
      "sha256": "c8ad5cfb291d135faed20cd9cd91b53e75ec023c23f494d70c9f43f6bb1e4bde"
    },
    "requirements/pre-canary/k3-worker-026.json": {
      "bytes": 1172,
      "sha256": "0fd5dd130f542ed7969e9a4178a86be0652e271457964286d091dc25c2f25b2b"
    },
    "requirements/pre-canary/k3-worker-027.json": {
      "bytes": 1172,
      "sha256": "a07017eb23b0bf4934f0f8048ab3beac98b801a45cb70cf47359d11bb092f9d3"
    },
    "requirements/pre-canary/k3-worker-028.json": {
      "bytes": 1172,
      "sha256": "30be0277573460421f75be386fb4ce067b5b3fb8e0859b8c7543622d36daec97"
    },
    "requirements/pre-canary/k3-worker-029.json": {
      "bytes": 1172,
      "sha256": "e0f4fb10403d968cb97073b20e0c4fbf4c882d09c330b477795b884145a238fe"
    },
    "requirements/pre-canary/k3-worker-030.json": {
      "bytes": 1172,
      "sha256": "85818923846cb9c2cae0ead678719f6e6cc86842dfd4b37593140281dfff7e0f"
    },
    "requirements/pre-canary/k3-worker-031.json": {
      "bytes": 1172,
      "sha256": "054470c41ad560ca965c471e6661361461de00a2edeab47f09707ba1c2cfb4f2"
    },
    "requirements/pre-canary/k3-worker-032.json": {
      "bytes": 1172,
      "sha256": "9b481eefd722aa44cd09eff818b9cc78bde0994bae04d421c097860f9ca64eb3"
    },
    "requirements/pre-canary/k3-worker-033.json": {
      "bytes": 1172,
      "sha256": "e52904aa8bae9efc188bc0d44827f4186d3aa9888a4da9fb4d5e4a2a38f62e82"
    },
    "requirements/pre-canary/k3-worker-034.json": {
      "bytes": 1172,
      "sha256": "5cdc3bd9aaddf3a96abc2c918727860a21a618a12c15718c06799c2758e7e640"
    },
    "requirements/pre-canary/k3-worker-035.json": {
      "bytes": 1172,
      "sha256": "916bd66be3c0dc65bf2d432a6f9f02791b11f42378fa6d3dff2f86cce98c403a"
    },
    "requirements/pre-canary/k3-worker-036.json": {
      "bytes": 1172,
      "sha256": "a93f3652ae633b5ed0fb01474beb627cf3394c81ef5fb9f17b3b908b3c6b090e"
    },
    "requirements/pre-canary/k3-worker-037.json": {
      "bytes": 1172,
      "sha256": "df1fafacd5459d2236d43fd66d3cf72f8490c5585336269bbb71ae64bf513a1c"
    },
    "requirements/pre-canary/k3-worker-038.json": {
      "bytes": 1172,
      "sha256": "d2e4975777e802963f7f65361f203dee4ebe7851f3dedf2fe80eb98b153aa048"
    },
    "requirements/pre-canary/k3-worker-039.json": {
      "bytes": 1172,
      "sha256": "2ea6b4622424416b521feeab203041d79d87bedbd065666ad56bc0057e370d77"
    },
    "requirements/pre-canary/k3-worker-040.json": {
      "bytes": 1172,
      "sha256": "cb4bb5264019a70df0576ea46ca2895e7eb1c7b7e9d9ef2c9f75f9c72c034d99"
    },
    "requirements/pre-canary/k3-worker-041.json": {
      "bytes": 1172,
      "sha256": "f4566ad93679b54ef891809b4f6bd65f3daa88ecbef43f58805702d62ebc5c0c"
    },
    "requirements/pre-canary/k3-worker-042.json": {
      "bytes": 1172,
      "sha256": "c2c2a302d433e5e018daccfda4f79572e1dcd960de0b02728fab45f7a559eb0b"
    },
    "requirements/pre-canary/k3-worker-043.json": {
      "bytes": 1172,
      "sha256": "33ec4791f8c81e9d6af5dce599b238c3d1f8c2baa18f7b0a1ea82dd5e8cb092a"
    },
    "requirements/pre-canary/k3-worker-044.json": {
      "bytes": 1172,
      "sha256": "90ca170a2b60c5849f1f86e1dddc7259b3c51dad9d2fb801afcf7be03fdd3ec9"
    },
    "requirements/pre-canary/k3-worker-045.json": {
      "bytes": 1172,
      "sha256": "bad87f906658a3137afbb5e3abca88dbe93db957e65a2671cf19df067bd1b4d5"
    },
    "requirements/pre-canary/k3-worker-046.json": {
      "bytes": 1172,
      "sha256": "efa0fe96803dac622a7039068835053ff00411e911e582f1d3ec15f4af56ce63"
    },
    "requirements/pre-canary/k3-worker-047.json": {
      "bytes": 1172,
      "sha256": "f9394e4d668e2f9181e087021d287f4ad182638462d7cbaf39a9f6e59a25613d"
    },
    "requirements/pre-canary/k3-worker-048.json": {
      "bytes": 1172,
      "sha256": "b58a2d833e176dfd2ff5c85e4d00633f5be9a3fa867649923312e77e546e2caa"
    },
    "requirements/pre-canary/k3-worker-049.json": {
      "bytes": 1172,
      "sha256": "353edd3a4c1d0858f4a05e8a3bea34eac327222efc1d58fedc853cd97c1fe3f9"
    },
    "requirements/pre-canary/k3-worker-050.json": {
      "bytes": 1172,
      "sha256": "65e79c1573c7be63994564cc0c0c6aff2e47489f0a5186d0b52c3db8b8009caf"
    },
    "requirements/pre-canary/k3-worker-051.json": {
      "bytes": 1172,
      "sha256": "5108d1631d01d330d59366bfa8886360bcdecc3f6c7ecff39ed9c157d5e9c4bb"
    },
    "requirements/pre-canary/k3-worker-052.json": {
      "bytes": 1172,
      "sha256": "1ae2c891541e02e19a059734db9500bc512f4d37e04c2cec325ff226923279f7"
    },
    "requirements/pre-canary/k3-worker-053.json": {
      "bytes": 1172,
      "sha256": "0ee66f4f89717d5c25329bfa01519a524b3f5526d545b5ccccb12f4d73f88593"
    },
    "requirements/pre-canary/k3-worker-054.json": {
      "bytes": 1172,
      "sha256": "547080d0405b8fa0d24d5734c6bf55edacbaffb66f39866c3d853b25cf43ae49"
    },
    "requirements/pre-canary/k3-worker-055.json": {
      "bytes": 1172,
      "sha256": "684554860aef47e608fb4243e8c61836670e96ce92e5ef1fbd975df1e2b83240"
    },
    "requirements/pre-canary/k3-worker-056.json": {
      "bytes": 1172,
      "sha256": "71aac66edf0e18dcb728cb21abec8bd2de2ebf9c087a9db383e96c0f55c47771"
    },
    "requirements/pre-canary/k3-worker-057.json": {
      "bytes": 1172,
      "sha256": "351c8e92a4b00c96813b38e97f1334e2260067af37d0e9671ee4aeec5b4268da"
    },
    "requirements/pre-canary/k3-worker-058.json": {
      "bytes": 1172,
      "sha256": "dfa9679ac86215f52b159f90b79d2cb77eaa5627832122af4456c9af78a686c2"
    },
    "requirements/pre-canary/k3-worker-059.json": {
      "bytes": 1172,
      "sha256": "6ff6c3c401860b87205b3f164b04ed323261530fecd4201286c474699c13ec71"
    },
    "requirements/pre-canary/k3-worker-060.json": {
      "bytes": 1172,
      "sha256": "fc8be23c3e3742cf57d988cc3ebe0e9c6bfb7b2fef3d41e6ab4c730a38c05086"
    },
    "requirements/pre-canary/k3-worker-061.json": {
      "bytes": 1172,
      "sha256": "5fa8c0af6324f1c7f02bb1068008acd8d2192defc5cc19e6a2d4c773222a02da"
    },
    "requirements/pre-canary/k3-worker-062.json": {
      "bytes": 1172,
      "sha256": "193674d871c970aac1a3d11dcdfdc6aa02139bd268de565e5dafdfcbae223081"
    },
    "requirements/pre-canary/k3-worker-063.json": {
      "bytes": 1172,
      "sha256": "758fa19f317735088c698b2c280eccff1c0e2517b645170f268e445692a8ff9f"
    },
    "requirements/pre-canary/k3-worker-064.json": {
      "bytes": 1172,
      "sha256": "19197056323ab7644dc86978230afb5deed7a33875c23609acde05d64979aefd"
    },
    "requirements/pre-canary/k3-worker-065.json": {
      "bytes": 1172,
      "sha256": "c42b5004f3d66e8db323c560966c81c8518fb4e86084327f2e61b267d4a38a2f"
    },
    "requirements/pre-canary/k3-worker-066.json": {
      "bytes": 1172,
      "sha256": "229409a42663206df7f8bf89028821e8d137b46d5a13656c41566448185bd16e"
    },
    "requirements/pre-canary/k3-worker-067.json": {
      "bytes": 1172,
      "sha256": "0ec24ea30368658e6fd8220eb875a763509a39b3a045c50e3f5e2a4f7911560d"
    },
    "requirements/pre-canary/k3-worker-068.json": {
      "bytes": 1172,
      "sha256": "0e11fb0c2a636235b90821535e77b8f443ef0b3ff7de4c65ee044a17ec29e2fc"
    },
    "requirements/pre-canary/k3-worker-069.json": {
      "bytes": 1172,
      "sha256": "9dadc6406a3089ef3310c1f73def0980498ea9df28ac4001c5ac13d3bc27732a"
    },
    "requirements/pre-canary/k3-worker-070.json": {
      "bytes": 1172,
      "sha256": "c5530e3f589132ed35daf10f51fc173d11527c10ae2be2aedd29421ef8926702"
    },
    "requirements/pre-canary/k3-worker-071.json": {
      "bytes": 1172,
      "sha256": "a9b0da423f6eff87375de5ff76fe060b53a78fbe71fb9c03f8e4206748612f06"
    },
    "requirements/pre-canary/k3-worker-072.json": {
      "bytes": 1172,
      "sha256": "237426bef8392c3cd7dfccd50ad36391039f5e42678cce80f25bc92a1073ffe9"
    },
    "requirements/pre-canary/k3-worker-073.json": {
      "bytes": 1172,
      "sha256": "2d87949c6675ebebf23c3b74b1eb1b52cb30c2f600f09c5e755f6f188eef497c"
    },
    "requirements/pre-canary/k3-worker-074.json": {
      "bytes": 1172,
      "sha256": "1911ac37b3e569a0a123935b671145fdcc3b0cb3086d3d4562c36bd1e1333364"
    },
    "requirements/pre-canary/k3-worker-075.json": {
      "bytes": 1172,
      "sha256": "985bccd7bf62d069df6460643388de9fbda4ce06d58c18b7e19e3d03352cc00c"
    },
    "requirements/pre-canary/k3-worker-076.json": {
      "bytes": 1172,
      "sha256": "6e271c26640e39b7b442af024748ff788af048fcb58064ebf4c270560f93f269"
    },
    "requirements/pre-canary/k3-worker-077.json": {
      "bytes": 1172,
      "sha256": "b1a61aeca237036e63ecbd4eaf8c1dd91bea1c6b1d4cfd15f3f3fc27e2454a17"
    },
    "requirements/pre-canary/k3-worker-078.json": {
      "bytes": 1172,
      "sha256": "a4bf7fb3f723c77274015f02e7175f51a6b9464d357c341cd01c71b63cca0515"
    },
    "requirements/pre-canary/k3-worker-079.json": {
      "bytes": 1172,
      "sha256": "169dd7df49e06e9518b9edf6fe67b814d96519932ea67b12123f7ad13cfd6b45"
    },
    "requirements/pre-canary/k3-worker-080.json": {
      "bytes": 1172,
      "sha256": "6ca54a2a7597b9793c6211832327a9461f244b19373580f44f40e64d6b194060"
    },
    "requirements/pre-canary/k3-worker-081.json": {
      "bytes": 1172,
      "sha256": "b89c6d1244b6bb19e96d30928c5a36da26c7794bc619ef167b82030b0c225dbb"
    },
    "requirements/pre-canary/k3-worker-082.json": {
      "bytes": 1172,
      "sha256": "edb0cd527def2f1dbd16961b76aac3f88c2acebcdcfbefbbfe5259e6a9ad4b73"
    },
    "requirements/pre-canary/k3-worker-083.json": {
      "bytes": 1172,
      "sha256": "8b0c3f2df7a146cf6fae0ec96580312066b7de3e1aa75508af8820657a9321d4"
    },
    "requirements/pre-canary/k3-worker-084.json": {
      "bytes": 1172,
      "sha256": "99801f9537f31c7f5fb671f944768b03a269840667a178be574f9ec6c864744b"
    },
    "requirements/pre-canary/k3-worker-085.json": {
      "bytes": 1172,
      "sha256": "a74aae49af336f08700c7736f4ec64bf2e12b45a46df6deec22a86b26090366e"
    },
    "requirements/pre-canary/k3-worker-086.json": {
      "bytes": 1172,
      "sha256": "1473ad916f1b6661dd4183d8c5b12bb5bbb7826955ba128b0581ce0ad44db0cf"
    },
    "requirements/pre-canary/k3-worker-087.json": {
      "bytes": 1172,
      "sha256": "ec8247dca91afd23f961f586c55ae11ff3ad8b9a18f9b1177873b01ddf01ca43"
    },
    "requirements/pre-canary/k3-worker-088.json": {
      "bytes": 1172,
      "sha256": "6b99dd9110ac23506d08b902435d89e97ad06c9194863297367f8610a4e83cd6"
    },
    "requirements/pre-canary/k3-worker-089.json": {
      "bytes": 1172,
      "sha256": "62402c9f063fd54d052472313c9cda06b9b3bbde80194a5f9c74455b119d5825"
    },
    "requirements/pre-canary/k3-worker-090.json": {
      "bytes": 1172,
      "sha256": "aff813a0979b6ac9c505f43eb36e8567a5eb4b30b0eb10ddc2462837f499f79e"
    },
    "requirements/pre-canary/k3-worker-091.json": {
      "bytes": 1172,
      "sha256": "3600d6ac56fdffc2cdcaf3f7164caf173cedb228bca1dbd4cbbf422c4447cb86"
    },
    "requirements/pre-canary/k3-worker-092.json": {
      "bytes": 1171,
      "sha256": "7e25af0f54667a68af8269e072852aa3d1aaaefe2a8b48bb6c02f555555dc7f5"
    },
    "scripts/bind-and-deploy.sh": {
      "bytes": 1316,
      "sha256": "b8fe08b51eeed6c165c5f4122d3cba2e0ce227773533bca6b17e859256168879"
    },
    "scripts/build-runtime.sh": {
      "bytes": 894,
      "sha256": "5f76c37084844aaa56d5237f0c2038c894a2be206ce0ee1170244b948413c5ae"
    },
    "scripts/cleanup.sh": {
      "bytes": 514,
      "sha256": "0fc1debae1e17bb8834bb583f0f5ac768b44046746fbdfd720bce4d126caa117"
    },
    "scripts/collect-artifacts.sh": {
      "bytes": 608,
      "sha256": "72465939251ecff444c573022694d0fb016c47dbbb42d791672f7e99e5181321"
    },
    "scripts/cost-guard.sh": {
      "bytes": 588,
      "sha256": "99f15515ad8dc90f8f8576a55e53f2aed98b83cd15bfc50cdd1a8c84790946be"
    },
    "scripts/install-qualified-runtime.sh": {
      "bytes": 1499,
      "sha256": "f729c5322f4651f2c2ea7711521460575d920d64bb615aba46797452bc179570"
    },
    "scripts/install-worker.sh": {
      "bytes": 1157,
      "sha256": "2a15ec8bc8961f44998212e3b2a6454813a01754699fd8c4aff1f27e346e474f"
    },
    "scripts/prepare-worker.sh": {
      "bytes": 1930,
      "sha256": "91e47af025b7f8b4dd339b2f6b3b65fd8babc5f253e05259eebccaecb1058a3c"
    },
    "scripts/qualify-worker.sh": {
      "bytes": 2759,
      "sha256": "9fa07fb7f05cfafebda0f583db4d2916ab698cd82f31d6268dec78e4b9ec6f9e"
    },
    "scripts/run-3090-canary.sh": {
      "bytes": 1240,
      "sha256": "ad3443de6ff6dfa036053f262294434bf6b87c9dee706e1dc1fc0ed80b3cd258"
    },
    "scripts/run-coordinator.sh": {
      "bytes": 478,
      "sha256": "b053c9818777ddb8eb87118cdd05ab30dbb1131bf562e4d388915602b580707e"
    },
    "scripts/run-two-gpu-fine-canary.sh": {
      "bytes": 371,
      "sha256": "d19f2dbaf00d9073f3f72d83f08f5a443774a0e35f1eb1ae86673c4ed8dec3b7"
    },
    "scripts/run-worker.sh": {
      "bytes": 2954,
      "sha256": "b55fb89fe4683b52a63a7b3fa3707ed7e654d0f7a599738a69f3b17d8fb4b175"
    },
    "scripts/trust-workers.sh": {
      "bytes": 825,
      "sha256": "5e189a6598141ebc0e9d4a8e47a1a2a14223cc6064a143a387026eeffc0d0b13"
    },
    "scripts/verify-package.py": {
      "bytes": 1235,
      "sha256": "6113902cd42bf04bbeb9c9b7c2e0c36ad2382c3b155f05a31ac0f5c897a5be0b"
    },
    "wheels/swarm_inference_lab-0.1.0rc11-py3-none-any.whl": {
      "bytes": 1970605,
      "sha256": "856478257578bfe3b2119cebbb409f0eb98a693519732a6644ecd23f43354b8b"
    }
  },
  "schema_version": "experiment-015-k3-deployment-package-v1",
  "status": "PASS"
}
